# Generated by pub
# See http://pub.dartlang.org/doc/glossary.html#lockfile
packages:
  analyzer:
    description: analyzer
    source: hosted
    version: "0.26.1"
  args:
    description: args
    source: hosted
    version: "0.13.2"
  async:
    description:
      name: async
      url: "https://pub.dartlang.org"
    source: hosted
    version: "1.9.0"
  attributable:
    description:
      path: "../attributable"
      relative: true
    source: path
    version: "0.1.0"
  barback:
    description: barback
    source: hosted
    version: "0.15.2+6"
  boolean_selector:
    description:
      name: boolean_selector
      url: "https://pub.dartlang.org"
    source: hosted
    version: "1.0.0"
  charcode:
    description: charcode
    source: hosted
    version: "1.1.0"
  collection:
    description: collection
    source: hosted
    version: "1.1.1"
  convert:
    description:
      name: convert
      url: "https://pub.dartlang.org"
    source: hosted
    version: "1.0.1"
  crypto:
    description:
      name: crypto
      url: "https://pub.dartlang.org"
    source: hosted
    version: "1.0.0"
  csslib:
    description: csslib
    source: hosted
    version: "0.12.1"
  glob:
    description: glob
    source: hosted
    version: "1.0.5"
  heritage_tree:
    description:
      path: "../heritage_tree"
      relative: true
    source: path
    version: "0.1.0"
  html:
    description: html
    source: hosted
    version: "0.12.1+2"
  http_multi_server:
    description: http_multi_server
    source: hosted
    version: "1.3.2"
  http_parser:
    description:
      name: http_parser
      url: "https://pub.dartlang.org"
    source: hosted
    version: "2.2.1"
  logging:
    description: logging
    source: hosted
    version: "0.11.1+1"
  matcher:
    description: matcher
    source: hosted
    version: "0.12.0+1"
  mime:
    description: mime
    source: hosted
    version: "0.9.3"
  observable_roles:
    description:
      path: "../observable_roles"
      relative: true
    source: path
    version: "0.1.0"
  package_config:
    description: package_config
    source: hosted
    version: "0.1.3"
  path:
    description: path
    source: hosted
    version: "1.3.6"
  plugin:
    description: plugin
    source: hosted
    version: "0.1.0"
  pool:
    description:
      name: pool
      url: "https://pub.dartlang.org"
    source: hosted
    version: "1.2.3"
  pub_semver:
    description: pub_semver
    source: hosted
    version: "1.2.1"
  shelf:
    description:
      name: shelf
      url: "https://pub.dartlang.org"
    source: hosted
    version: "0.6.5"
  shelf_static:
    description:
      name: shelf_static
      url: "https://pub.dartlang.org"
    source: hosted
    version: "0.2.3+3"
  shelf_web_socket:
    description:
      name: shelf_web_socket
      url: "https://pub.dartlang.org"
    source: hosted
    version: "0.2.0"
  source_map_stack_trace:
    description: source_map_stack_trace
    source: hosted
    version: "1.0.4"
  source_maps:
    description: source_maps
    source: hosted
    version: "0.10.1"
  source_span:
    description: source_span
    source: hosted
    version: "1.1.3"
  stack_trace:
    description: stack_trace
    source: hosted
    version: "1.4.1"
  stream_channel:
    description:
      name: stream_channel
      url: "https://pub.dartlang.org"
    source: hosted
    version: "1.3.1"
  string_scanner:
    description: string_scanner
    source: hosted
    version: "0.1.3+1"
  test:
    description:
      name: test
      url: "https://pub.dartlang.org"
    source: hosted
    version: "0.12.13"
  typed_data:
    description:
      name: typed_data
      url: "https://pub.dartlang.org"
    source: hosted
    version: "1.1.2"
  utf:
    description: utf
    source: hosted
    version: "0.9.0+2"
  watcher:
    description: watcher
    source: hosted
    version: "0.9.7"
  web_socket_channel:
    description:
      name: web_socket_channel
      url: "https://pub.dartlang.org"
    source: hosted
    version: "1.0.2"
  yaml:
    description: yaml
    source: hosted
    version: "2.1.3"
sdk: ">=1.13.0 <1.17.0"
